// !$*UTF8*$!
{
	archiveVersion = 1;
	classes = {
	};
	objectVersion = 46;
	objects = {

/* Begin PBXBuildFile section */
		2ED15FBB09182ABF02FC50E2 /* libPods-CwngaIOSStudyTests.a in Frameworks */ = {isa = PBXBuildFile; fileRef = 37FA2EED93120ECD742D6B86 /* libPods-CwngaIOSStudyTests.a */; };
		76B15E85B58796B7AE7594EB /* libPods-CwngaIOSStudy.a in Frameworks */ = {isa = PBXBuildFile; fileRef = 619274F30E1CBA450191D952 /* libPods-CwngaIOSStudy.a */; };
		F705E06B1DBB6B800081CEED /* CollectionViewCell.m in Sources */ = {isa = PBXBuildFile; fileRef = F705E05B1DBB6B800081CEED /* CollectionViewCell.m */; };
		F705E06C1DBB6B800081CEED /* CollectionViewCell.xib in Resources */ = {isa = PBXBuildFile; fileRef = F705E05C1DBB6B800081CEED /* CollectionViewCell.xib */; };
		F705E06D1DBB6B800081CEED /* ListingCollectionViewCell.m in Sources */ = {isa = PBXBuildFile; fileRef = F705E05E1DBB6B800081CEED /* ListingCollectionViewCell.m */; };
		F705E06E1DBB6B800081CEED /* ListingCollectionViewCell.xib in Resources */ = {isa = PBXBuildFile; fileRef = F705E05F1DBB6B800081CEED /* ListingCollectionViewCell.xib */; };
		F705E0761DBB6BE90081CEED /* ViewController.xib in Resources */ = {isa = PBXBuildFile; fileRef = F705E0751DBB6BE90081CEED /* ViewController.xib */; };
		F705E07B1DBB6E870081CEED /* TitleCollectionReusableView.m in Sources */ = {isa = PBXBuildFile; fileRef = F705E0791DBB6E870081CEED /* TitleCollectionReusableView.m */; };
		F705E07C1DBB6E870081CEED /* TitleCollectionReusableView.xib in Resources */ = {isa = PBXBuildFile; fileRef = F705E07A1DBB6E870081CEED /* TitleCollectionReusableView.xib */; };
		F705E0891DBB715F0081CEED /* Ch1ViewController.m in Sources */ = {isa = PBXBuildFile; fileRef = F705E0801DBB715F0081CEED /* Ch1ViewController.m */; };
		F705E08A1DBB715F0081CEED /* Ch1ViewController.xib in Resources */ = {isa = PBXBuildFile; fileRef = F705E0811DBB715F0081CEED /* Ch1ViewController.xib */; };
		F705E08B1DBB715F0081CEED /* Ch2DetailViewController.m in Sources */ = {isa = PBXBuildFile; fileRef = F705E0841DBB715F0081CEED /* Ch2DetailViewController.m */; };
		F705E08C1DBB715F0081CEED /* Ch2DetailViewController.xib in Resources */ = {isa = PBXBuildFile; fileRef = F705E0851DBB715F0081CEED /* Ch2DetailViewController.xib */; };
		F705E08D1DBB715F0081CEED /* Ch2ViewController.m in Sources */ = {isa = PBXBuildFile; fileRef = F705E0871DBB715F0081CEED /* Ch2ViewController.m */; };
		F705E08E1DBB715F0081CEED /* Ch2ViewController.xib in Resources */ = {isa = PBXBuildFile; fileRef = F705E0881DBB715F0081CEED /* Ch2ViewController.xib */; };
		F705E0981DBB86630081CEED /* TextViewCollectionViewCell.m in Sources */ = {isa = PBXBuildFile; fileRef = F705E0961DBB86630081CEED /* TextViewCollectionViewCell.m */; };
		F705E0991DBB86630081CEED /* TextViewCollectionViewCell.xib in Resources */ = {isa = PBXBuildFile; fileRef = F705E0971DBB86630081CEED /* TextViewCollectionViewCell.xib */; };
		F705E09E1DBB86C90081CEED /* DynamicHeightViewController.m in Sources */ = {isa = PBXBuildFile; fileRef = F705E09C1DBB86C90081CEED /* DynamicHeightViewController.m */; };
		F705E09F1DBB86C90081CEED /* DynamicHeightViewController.xib in Resources */ = {isa = PBXBuildFile; fileRef = F705E09D1DBB86C90081CEED /* DynamicHeightViewController.xib */; };
		F705E0A41DBB86F90081CEED /* DynamicTextViewHeightViewController.m in Sources */ = {isa = PBXBuildFile; fileRef = F705E0A21DBB86F90081CEED /* DynamicTextViewHeightViewController.m */; };
		F705E0A51DBB86F90081CEED /* DynamicTextViewHeightViewController.xib in Resources */ = {isa = PBXBuildFile; fileRef = F705E0A31DBB86F90081CEED /* DynamicTextViewHeightViewController.xib */; };
		F705E0AB1DBB97090081CEED /* BinaryTreeViewController.m in Sources */ = {isa = PBXBuildFile; fileRef = F705E0A91DBB97090081CEED /* BinaryTreeViewController.m */; };
		F705E0AC1DBB97090081CEED /* BinaryTreeViewController.xib in Resources */ = {isa = PBXBuildFile; fileRef = F705E0AA1DBB97090081CEED /* BinaryTreeViewController.xib */; };
		F71193471DC72F4B00683697 /* TwoLabelCollectionViewCell.m in Sources */ = {isa = PBXBuildFile; fileRef = F71193451DC72F4B00683697 /* TwoLabelCollectionViewCell.m */; };
		F71193481DC72F4B00683697 /* TwoLabelCollectionViewCell.xib in Resources */ = {isa = PBXBuildFile; fileRef = F71193461DC72F4B00683697 /* TwoLabelCollectionViewCell.xib */; };
		F711934D1DC7300500683697 /* TwoTitleCellDynamicHeightViewController.m in Sources */ = {isa = PBXBuildFile; fileRef = F711934B1DC7300500683697 /* TwoTitleCellDynamicHeightViewController.m */; };
		F711934E1DC7300500683697 /* TwoTitleCellDynamicHeightViewController.xib in Resources */ = {isa = PBXBuildFile; fileRef = F711934C1DC7300500683697 /* TwoTitleCellDynamicHeightViewController.xib */; };
		F7749DF71DF2C8A40065F2D2 /* CwngaNode.m in Sources */ = {isa = PBXBuildFile; fileRef = F7749DF61DF2C8A40065F2D2 /* CwngaNode.m */; };
		F7749DFB1DF2C9970065F2D2 /* ReverseWordsInAString.m in Sources */ = {isa = PBXBuildFile; fileRef = F7749DFA1DF2C9970065F2D2 /* ReverseWordsInAString.m */; };
		F7749E011DF2D11D0065F2D2 /* DecodeWays.m in Sources */ = {isa = PBXBuildFile; fileRef = F7749E001DF2D11D0065F2D2 /* DecodeWays.m */; };
		F7749E071DF2E3720065F2D2 /* DecodeWaysSpec.m in Sources */ = {isa = PBXBuildFile; fileRef = F7749E051DF2E3720065F2D2 /* DecodeWaysSpec.m */; };
		F7749E081DF2E3720065F2D2 /* ReverseWordsInAStringSpec.m in Sources */ = {isa = PBXBuildFile; fileRef = F7749E061DF2E3720065F2D2 /* ReverseWordsInAStringSpec.m */; };
		F7749E0B1DF2EB0C0065F2D2 /* ContainsDuplicateIII.m in Sources */ = {isa = PBXBuildFile; fileRef = F7749E0A1DF2EB0C0065F2D2 /* ContainsDuplicateIII.m */; };
		F7749E0D1DF2F1B10065F2D2 /* ContainsDuplicateIIISpec.m in Sources */ = {isa = PBXBuildFile; fileRef = F7749E0C1DF2F1B10065F2D2 /* ContainsDuplicateIIISpec.m */; };
		F782BE9D1DD9546600B6B63F /* ADKCollectionViewDynamicSizeSubCell.m in Sources */ = {isa = PBXBuildFile; fileRef = F782BE9B1DD9546600B6B63F /* ADKCollectionViewDynamicSizeSubCell.m */; };
		F782BE9E1DD9546600B6B63F /* ADKCollectionViewDynamicSizeSubCell.xib in Resources */ = {isa = PBXBuildFile; fileRef = F782BE9C1DD9546600B6B63F /* ADKCollectionViewDynamicSizeSubCell.xib */; };
		F782BEA71DD9558500B6B63F /* DynamicLeftRightLabelViewController.m in Sources */ = {isa = PBXBuildFile; fileRef = F782BEA51DD9558500B6B63F /* DynamicLeftRightLabelViewController.m */; };
		F782BEA81DD9558500B6B63F /* DynamicLeftRightLabelViewController.xib in Resources */ = {isa = PBXBuildFile; fileRef = F782BEA61DD9558500B6B63F /* DynamicLeftRightLabelViewController.xib */; };
		F79D31EF1DBB69E400C63FF5 /* main.m in Sources */ = {isa = PBXBuildFile; fileRef = F79D31EE1DBB69E400C63FF5 /* main.m */; };
		F79D31F21DBB69E400C63FF5 /* AppDelegate.m in Sources */ = {isa = PBXBuildFile; fileRef = F79D31F11DBB69E400C63FF5 /* AppDelegate.m */; };
		F79D31F51DBB69E400C63FF5 /* ViewController.m in Sources */ = {isa = PBXBuildFile; fileRef = F79D31F41DBB69E400C63FF5 /* ViewController.m */; };
		F79D31F81DBB69E400C63FF5 /* Main.storyboard in Resources */ = {isa = PBXBuildFile; fileRef = F79D31F61DBB69E400C63FF5 /* Main.storyboard */; };
		F79D31FA1DBB69E400C63FF5 /* Assets.xcassets in Resources */ = {isa = PBXBuildFile; fileRef = F79D31F91DBB69E400C63FF5 /* Assets.xcassets */; };
		F79D31FD1DBB69E400C63FF5 /* LaunchScreen.storyboard in Resources */ = {isa = PBXBuildFile; fileRef = F79D31FB1DBB69E400C63FF5 /* LaunchScreen.storyboard */; };
		F7BCA7621DC2EA6B00404F8E /* Ch3CombineLatestViewControlller.m in Sources */ = {isa = PBXBuildFile; fileRef = F7BCA7601DC2EA6B00404F8E /* Ch3CombineLatestViewControlller.m */; };
		F7BCA7631DC2EA6B00404F8E /* Ch3CombineLatestViewControlller.xib in Resources */ = {isa = PBXBuildFile; fileRef = F7BCA7611DC2EA6B00404F8E /* Ch3CombineLatestViewControlller.xib */; };
		F7F21CCE1DC24E2000E94E8B /* ADKImageColorViewController.m in Sources */ = {isa = PBXBuildFile; fileRef = F7F21CCC1DC24E2000E94E8B /* ADKImageColorViewController.m */; };
		F7F21CCF1DC24E2000E94E8B /* ADKImageColorViewController.xib in Resources */ = {isa = PBXBuildFile; fileRef = F7F21CCD1DC24E2000E94E8B /* ADKImageColorViewController.xib */; };
/* End PBXBuildFile section */

/* Begin PBXContainerItemProxy section */
		F7C0F7821DF2C79C007BBBC8 /* PBXContainerItemProxy */ = {
			isa = PBXContainerItemProxy;
			containerPortal = F79D31E21DBB69E300C63FF5 /* Project object */;
			proxyType = 1;
			remoteGlobalIDString = F79D31E91DBB69E300C63FF5;
			remoteInfo = CwngaIOSStudy;
		};
/* End PBXContainerItemProxy section */

/* Begin PBXFileReference section */
		37FA2EED93120ECD742D6B86 /* libPods-CwngaIOSStudyTests.a */ = {isa = PBXFileReference; explicitFileType = archive.ar; includeInIndex = 0; path = "libPods-CwngaIOSStudyTests.a"; sourceTree = BUILT_PRODUCTS_DIR; };
		5ECF6443B5D7E4731FEFFD9C /* Pods-CwngaIOSStudyTests.debug.xcconfig */ = {isa = PBXFileReference; includeInIndex = 1; lastKnownFileType = text.xcconfig; name = "Pods-CwngaIOSStudyTests.debug.xcconfig"; path = "Pods/Target Support Files/Pods-CwngaIOSStudyTests/Pods-CwngaIOSStudyTests.debug.xcconfig"; sourceTree = "<group>"; };
		619274F30E1CBA450191D952 /* libPods-CwngaIOSStudy.a */ = {isa = PBXFileReference; explicitFileType = archive.ar; includeInIndex = 0; path = "libPods-CwngaIOSStudy.a"; sourceTree = BUILT_PRODUCTS_DIR; };
		711D8E3BE2BF229B5C36D713 /* Pods-CwngaIOSStudyTests.release.xcconfig */ = {isa = PBXFileReference; includeInIndex = 1; lastKnownFileType = text.xcconfig; name = "Pods-CwngaIOSStudyTests.release.xcconfig"; path = "Pods/Target Support Files/Pods-CwngaIOSStudyTests/Pods-CwngaIOSStudyTests.release.xcconfig"; sourceTree = "<group>"; };
		8732B80311E315747ECECC9E /* Pods-CwngaIOSStudy.release.xcconfig */ = {isa = PBXFileReference; includeInIndex = 1; lastKnownFileType = text.xcconfig; name = "Pods-CwngaIOSStudy.release.xcconfig"; path = "Pods/Target Support Files/Pods-CwngaIOSStudy/Pods-CwngaIOSStudy.release.xcconfig"; sourceTree = "<group>"; };
		C6BAEF2EBC3BEA17943E82D9 /* Pods-CwngaIOSStudy.debug.xcconfig */ = {isa = PBXFileReference; includeInIndex = 1; lastKnownFileType = text.xcconfig; name = "Pods-CwngaIOSStudy.debug.xcconfig"; path = "Pods/Target Support Files/Pods-CwngaIOSStudy/Pods-CwngaIOSStudy.debug.xcconfig"; sourceTree = "<group>"; };
		F705E05A1DBB6B800081CEED /* CollectionViewCell.h */ = {isa = PBXFileReference; fileEncoding = 4; lastKnownFileType = sourcecode.c.h; path = CollectionViewCell.h; sourceTree = "<group>"; };
		F705E05B1DBB6B800081CEED /* CollectionViewCell.m */ = {isa = PBXFileReference; fileEncoding = 4; lastKnownFileType = sourcecode.c.objc; path = CollectionViewCell.m; sourceTree = "<group>"; };
		F705E05C1DBB6B800081CEED /* CollectionViewCell.xib */ = {isa = PBXFileReference; fileEncoding = 4; lastKnownFileType = file.xib; path = CollectionViewCell.xib; sourceTree = "<group>"; };
		F705E05D1DBB6B800081CEED /* ListingCollectionViewCell.h */ = {isa = PBXFileReference; fileEncoding = 4; lastKnownFileType = sourcecode.c.h; path = ListingCollectionViewCell.h; sourceTree = "<group>"; };
		F705E05E1DBB6B800081CEED /* ListingCollectionViewCell.m */ = {isa = PBXFileReference; fileEncoding = 4; lastKnownFileType = sourcecode.c.objc; path = ListingCollectionViewCell.m; sourceTree = "<group>"; };
		F705E05F1DBB6B800081CEED /* ListingCollectionViewCell.xib */ = {isa = PBXFileReference; fileEncoding = 4; lastKnownFileType = file.xib; path = ListingCollectionViewCell.xib; sourceTree = "<group>"; };
		F705E0751DBB6BE90081CEED /* ViewController.xib */ = {isa = PBXFileReference; fileEncoding = 4; lastKnownFileType = file.xib; path = ViewController.xib; sourceTree = "<group>"; };
		F705E0781DBB6E870081CEED /* TitleCollectionReusableView.h */ = {isa = PBXFileReference; fileEncoding = 4; lastKnownFileType = sourcecode.c.h; path = TitleCollectionReusableView.h; sourceTree = "<group>"; };
		F705E0791DBB6E870081CEED /* TitleCollectionReusableView.m */ = {isa = PBXFileReference; fileEncoding = 4; lastKnownFileType = sourcecode.c.objc; path = TitleCollectionReusableView.m; sourceTree = "<group>"; };
		F705E07A1DBB6E870081CEED /* TitleCollectionReusableView.xib */ = {isa = PBXFileReference; fileEncoding = 4; lastKnownFileType = file.xib; path = TitleCollectionReusableView.xib; sourceTree = "<group>"; };
		F705E07F1DBB715F0081CEED /* Ch1ViewController.h */ = {isa = PBXFileReference; fileEncoding = 4; lastKnownFileType = sourcecode.c.h; path = Ch1ViewController.h; sourceTree = "<group>"; };
		F705E0801DBB715F0081CEED /* Ch1ViewController.m */ = {isa = PBXFileReference; fileEncoding = 4; lastKnownFileType = sourcecode.c.objc; path = Ch1ViewController.m; sourceTree = "<group>"; };
		F705E0811DBB715F0081CEED /* Ch1ViewController.xib */ = {isa = PBXFileReference; fileEncoding = 4; lastKnownFileType = file.xib; path = Ch1ViewController.xib; sourceTree = "<group>"; };
		F705E0831DBB715F0081CEED /* Ch2DetailViewController.h */ = {isa = PBXFileReference; fileEncoding = 4; lastKnownFileType = sourcecode.c.h; path = Ch2DetailViewController.h; sourceTree = "<group>"; };
		F705E0841DBB715F0081CEED /* Ch2DetailViewController.m */ = {isa = PBXFileReference; fileEncoding = 4; lastKnownFileType = sourcecode.c.objc; path = Ch2DetailViewController.m; sourceTree = "<group>"; };
		F705E0851DBB715F0081CEED /* Ch2DetailViewController.xib */ = {isa = PBXFileReference; fileEncoding = 4; lastKnownFileType = file.xib; path = Ch2DetailViewController.xib; sourceTree = "<group>"; };
		F705E0861DBB715F0081CEED /* Ch2ViewController.h */ = {isa = PBXFileReference; fileEncoding = 4; lastKnownFileType = sourcecode.c.h; path = Ch2ViewController.h; sourceTree = "<group>"; };
		F705E0871DBB715F0081CEED /* Ch2ViewController.m */ = {isa = PBXFileReference; fileEncoding = 4; lastKnownFileType = sourcecode.c.objc; path = Ch2ViewController.m; sourceTree = "<group>"; };
		F705E0881DBB715F0081CEED /* Ch2ViewController.xib */ = {isa = PBXFileReference; fileEncoding = 4; lastKnownFileType = file.xib; path = Ch2ViewController.xib; sourceTree = "<group>"; };
		F705E0951DBB86630081CEED /* TextViewCollectionViewCell.h */ = {isa = PBXFileReference; fileEncoding = 4; lastKnownFileType = sourcecode.c.h; path = TextViewCollectionViewCell.h; sourceTree = "<group>"; };
		F705E0961DBB86630081CEED /* TextViewCollectionViewCell.m */ = {isa = PBXFileReference; fileEncoding = 4; lastKnownFileType = sourcecode.c.objc; path = TextViewCollectionViewCell.m; sourceTree = "<group>"; };
		F705E0971DBB86630081CEED /* TextViewCollectionViewCell.xib */ = {isa = PBXFileReference; fileEncoding = 4; lastKnownFileType = file.xib; path = TextViewCollectionViewCell.xib; sourceTree = "<group>"; };
		F705E09B1DBB86C90081CEED /* DynamicHeightViewController.h */ = {isa = PBXFileReference; fileEncoding = 4; lastKnownFileType = sourcecode.c.h; path = DynamicHeightViewController.h; sourceTree = "<group>"; };
		F705E09C1DBB86C90081CEED /* DynamicHeightViewController.m */ = {isa = PBXFileReference; fileEncoding = 4; lastKnownFileType = sourcecode.c.objc; path = DynamicHeightViewController.m; sourceTree = "<group>"; };
		F705E09D1DBB86C90081CEED /* DynamicHeightViewController.xib */ = {isa = PBXFileReference; fileEncoding = 4; lastKnownFileType = file.xib; path = DynamicHeightViewController.xib; sourceTree = "<group>"; };
		F705E0A11DBB86F90081CEED /* DynamicTextViewHeightViewController.h */ = {isa = PBXFileReference; fileEncoding = 4; lastKnownFileType = sourcecode.c.h; path = DynamicTextViewHeightViewController.h; sourceTree = "<group>"; };
		F705E0A21DBB86F90081CEED /* DynamicTextViewHeightViewController.m */ = {isa = PBXFileReference; fileEncoding = 4; lastKnownFileType = sourcecode.c.objc; path = DynamicTextViewHeightViewController.m; sourceTree = "<group>"; };
		F705E0A31DBB86F90081CEED /* DynamicTextViewHeightViewController.xib */ = {isa = PBXFileReference; fileEncoding = 4; lastKnownFileType = file.xib; path = DynamicTextViewHeightViewController.xib; sourceTree = "<group>"; };
		F705E0A81DBB97090081CEED /* BinaryTreeViewController.h */ = {isa = PBXFileReference; fileEncoding = 4; lastKnownFileType = sourcecode.c.h; path = BinaryTreeViewController.h; sourceTree = "<group>"; };
		F705E0A91DBB97090081CEED /* BinaryTreeViewController.m */ = {isa = PBXFileReference; fileEncoding = 4; lastKnownFileType = sourcecode.c.objc; path = BinaryTreeViewController.m; sourceTree = "<group>"; };
		F705E0AA1DBB97090081CEED /* BinaryTreeViewController.xib */ = {isa = PBXFileReference; fileEncoding = 4; lastKnownFileType = file.xib; path = BinaryTreeViewController.xib; sourceTree = "<group>"; };
		F71193441DC72F4B00683697 /* TwoLabelCollectionViewCell.h */ = {isa = PBXFileReference; fileEncoding = 4; lastKnownFileType = sourcecode.c.h; path = TwoLabelCollectionViewCell.h; sourceTree = "<group>"; };
		F71193451DC72F4B00683697 /* TwoLabelCollectionViewCell.m */ = {isa = PBXFileReference; fileEncoding = 4; lastKnownFileType = sourcecode.c.objc; path = TwoLabelCollectionViewCell.m; sourceTree = "<group>"; };
		F71193461DC72F4B00683697 /* TwoLabelCollectionViewCell.xib */ = {isa = PBXFileReference; fileEncoding = 4; lastKnownFileType = file.xib; path = TwoLabelCollectionViewCell.xib; sourceTree = "<group>"; };
		F711934A1DC7300500683697 /* TwoTitleCellDynamicHeightViewController.h */ = {isa = PBXFileReference; fileEncoding = 4; lastKnownFileType = sourcecode.c.h; path = TwoTitleCellDynamicHeightViewController.h; sourceTree = "<group>"; };
		F711934B1DC7300500683697 /* TwoTitleCellDynamicHeightViewController.m */ = {isa = PBXFileReference; fileEncoding = 4; lastKnownFileType = sourcecode.c.objc; path = TwoTitleCellDynamicHeightViewController.m; sourceTree = "<group>"; };
		F711934C1DC7300500683697 /* TwoTitleCellDynamicHeightViewController.xib */ = {isa = PBXFileReference; fileEncoding = 4; lastKnownFileType = file.xib; path = TwoTitleCellDynamicHeightViewController.xib; sourceTree = "<group>"; };
		F7749DF51DF2C8A40065F2D2 /* CwngaNode.h */ = {isa = PBXFileReference; fileEncoding = 4; lastKnownFileType = sourcecode.c.h; path = CwngaNode.h; sourceTree = "<group>"; };
		F7749DF61DF2C8A40065F2D2 /* CwngaNode.m */ = {isa = PBXFileReference; fileEncoding = 4; lastKnownFileType = sourcecode.c.objc; path = CwngaNode.m; sourceTree = "<group>"; };
		F7749DF91DF2C9970065F2D2 /* ReverseWordsInAString.h */ = {isa = PBXFileReference; fileEncoding = 4; lastKnownFileType = sourcecode.c.h; path = ReverseWordsInAString.h; sourceTree = "<group>"; };
		F7749DFA1DF2C9970065F2D2 /* ReverseWordsInAString.m */ = {isa = PBXFileReference; fileEncoding = 4; lastKnownFileType = sourcecode.c.objc; path = ReverseWordsInAString.m; sourceTree = "<group>"; };
		F7749DFF1DF2D11D0065F2D2 /* DecodeWays.h */ = {isa = PBXFileReference; fileEncoding = 4; lastKnownFileType = sourcecode.c.h; path = DecodeWays.h; sourceTree = "<group>"; };
		F7749E001DF2D11D0065F2D2 /* DecodeWays.m */ = {isa = PBXFileReference; fileEncoding = 4; lastKnownFileType = sourcecode.c.objc; path = DecodeWays.m; sourceTree = "<group>"; };
		F7749E051DF2E3720065F2D2 /* DecodeWaysSpec.m */ = {isa = PBXFileReference; fileEncoding = 4; lastKnownFileType = sourcecode.c.objc; path = DecodeWaysSpec.m; sourceTree = "<group>"; };
		F7749E061DF2E3720065F2D2 /* ReverseWordsInAStringSpec.m */ = {isa = PBXFileReference; fileEncoding = 4; lastKnownFileType = sourcecode.c.objc; path = ReverseWordsInAStringSpec.m; sourceTree = "<group>"; };
		F7749E091DF2EB0C0065F2D2 /* ContainsDuplicateIII.h */ = {isa = PBXFileReference; fileEncoding = 4; lastKnownFileType = sourcecode.c.h; path = ContainsDuplicateIII.h; sourceTree = "<group>"; };
		F7749E0A1DF2EB0C0065F2D2 /* ContainsDuplicateIII.m */ = {isa = PBXFileReference; fileEncoding = 4; lastKnownFileType = sourcecode.c.objc; path = ContainsDuplicateIII.m; sourceTree = "<group>"; };
		F7749E0C1DF2F1B10065F2D2 /* ContainsDuplicateIIISpec.m */ = {isa = PBXFileReference; fileEncoding = 4; lastKnownFileType = sourcecode.c.objc; path = ContainsDuplicateIIISpec.m; sourceTree = "<group>"; };
		F782BE9A1DD9546600B6B63F /* ADKCollectionViewDynamicSizeSubCell.h */ = {isa = PBXFileReference; fileEncoding = 4; lastKnownFileType = sourcecode.c.h; path = ADKCollectionViewDynamicSizeSubCell.h; sourceTree = "<group>"; };
		F782BE9B1DD9546600B6B63F /* ADKCollectionViewDynamicSizeSubCell.m */ = {isa = PBXFileReference; fileEncoding = 4; lastKnownFileType = sourcecode.c.objc; path = ADKCollectionViewDynamicSizeSubCell.m; sourceTree = "<group>"; };
		F782BE9C1DD9546600B6B63F /* ADKCollectionViewDynamicSizeSubCell.xib */ = {isa = PBXFileReference; fileEncoding = 4; lastKnownFileType = file.xib; path = ADKCollectionViewDynamicSizeSubCell.xib; sourceTree = "<group>"; };
		F782BEA41DD9558500B6B63F /* DynamicLeftRightLabelViewController.h */ = {isa = PBXFileReference; fileEncoding = 4; lastKnownFileType = sourcecode.c.h; path = DynamicLeftRightLabelViewController.h; sourceTree = "<group>"; };
		F782BEA51DD9558500B6B63F /* DynamicLeftRightLabelViewController.m */ = {isa = PBXFileReference; fileEncoding = 4; lastKnownFileType = sourcecode.c.objc; path = DynamicLeftRightLabelViewController.m; sourceTree = "<group>"; };
		F782BEA61DD9558500B6B63F /* DynamicLeftRightLabelViewController.xib */ = {isa = PBXFileReference; fileEncoding = 4; lastKnownFileType = file.xib; path = DynamicLeftRightLabelViewController.xib; sourceTree = "<group>"; };
		F79D31EA1DBB69E400C63FF5 /* CwngaIOSStudy.app */ = {isa = PBXFileReference; explicitFileType = wrapper.application; includeInIndex = 0; path = CwngaIOSStudy.app; sourceTree = BUILT_PRODUCTS_DIR; };
		F79D31EE1DBB69E400C63FF5 /* main.m */ = {isa = PBXFileReference; lastKnownFileType = sourcecode.c.objc; path = main.m; sourceTree = "<group>"; };
		F79D31F01DBB69E400C63FF5 /* AppDelegate.h */ = {isa = PBXFileReference; lastKnownFileType = sourcecode.c.h; path = AppDelegate.h; sourceTree = "<group>"; };
		F79D31F11DBB69E400C63FF5 /* AppDelegate.m */ = {isa = PBXFileReference; lastKnownFileType = sourcecode.c.objc; path = AppDelegate.m; sourceTree = "<group>"; };
		F79D31F31DBB69E400C63FF5 /* ViewController.h */ = {isa = PBXFileReference; lastKnownFileType = sourcecode.c.h; path = ViewController.h; sourceTree = "<group>"; };
		F79D31F41DBB69E400C63FF5 /* ViewController.m */ = {isa = PBXFileReference; lastKnownFileType = sourcecode.c.objc; path = ViewController.m; sourceTree = "<group>"; };
		F79D31F71DBB69E400C63FF5 /* Base */ = {isa = PBXFileReference; lastKnownFileType = file.storyboard; name = Base; path = Base.lproj/Main.storyboard; sourceTree = "<group>"; };
		F79D31F91DBB69E400C63FF5 /* Assets.xcassets */ = {isa = PBXFileReference; lastKnownFileType = folder.assetcatalog; path = Assets.xcassets; sourceTree = "<group>"; };
		F79D31FC1DBB69E400C63FF5 /* Base */ = {isa = PBXFileReference; lastKnownFileType = file.storyboard; name = Base; path = Base.lproj/LaunchScreen.storyboard; sourceTree = "<group>"; };
		F79D31FE1DBB69E400C63FF5 /* Info.plist */ = {isa = PBXFileReference; lastKnownFileType = text.plist.xml; path = Info.plist; sourceTree = "<group>"; };
		F7BCA75F1DC2EA6B00404F8E /* Ch3CombineLatestViewControlller.h */ = {isa = PBXFileReference; fileEncoding = 4; lastKnownFileType = sourcecode.c.h; path = Ch3CombineLatestViewControlller.h; sourceTree = "<group>"; };
		F7BCA7601DC2EA6B00404F8E /* Ch3CombineLatestViewControlller.m */ = {isa = PBXFileReference; fileEncoding = 4; lastKnownFileType = sourcecode.c.objc; path = Ch3CombineLatestViewControlller.m; sourceTree = "<group>"; };
		F7BCA7611DC2EA6B00404F8E /* Ch3CombineLatestViewControlller.xib */ = {isa = PBXFileReference; fileEncoding = 4; lastKnownFileType = file.xib; path = Ch3CombineLatestViewControlller.xib; sourceTree = "<group>"; };
		F7C0F77D1DF2C79B007BBBC8 /* CwngaIOSStudyTests.xctest */ = {isa = PBXFileReference; explicitFileType = wrapper.cfbundle; includeInIndex = 0; path = CwngaIOSStudyTests.xctest; sourceTree = BUILT_PRODUCTS_DIR; };
		F7C0F7811DF2C79C007BBBC8 /* Info.plist */ = {isa = PBXFileReference; lastKnownFileType = text.plist.xml; path = Info.plist; sourceTree = "<group>"; };
		F7F21CCB1DC24E2000E94E8B /* ADKImageColorViewController.h */ = {isa = PBXFileReference; fileEncoding = 4; lastKnownFileType = sourcecode.c.h; path = ADKImageColorViewController.h; sourceTree = "<group>"; };
		F7F21CCC1DC24E2000E94E8B /* ADKImageColorViewController.m */ = {isa = PBXFileReference; fileEncoding = 4; lastKnownFileType = sourcecode.c.objc; path = ADKImageColorViewController.m; sourceTree = "<group>"; };
		F7F21CCD1DC24E2000E94E8B /* ADKImageColorViewController.xib */ = {isa = PBXFileReference; fileEncoding = 4; lastKnownFileType = file.xib; path = ADKImageColorViewController.xib; sourceTree = "<group>"; };
/* End PBXFileReference section */

/* Begin PBXFrameworksBuildPhase section */
		F79D31E71DBB69E300C63FF5 /* Frameworks */ = {
			isa = PBXFrameworksBuildPhase;
			buildActionMask = 2147483647;
			files = (
				76B15E85B58796B7AE7594EB /* libPods-CwngaIOSStudy.a in Frameworks */,
			);
			runOnlyForDeploymentPostprocessing = 0;
		};
		F7C0F77A1DF2C79B007BBBC8 /* Frameworks */ = {
			isa = PBXFrameworksBuildPhase;
			buildActionMask = 2147483647;
			files = (
				2ED15FBB09182ABF02FC50E2 /* libPods-CwngaIOSStudyTests.a in Frameworks */,
			);
			runOnlyForDeploymentPostprocessing = 0;
		};
/* End PBXFrameworksBuildPhase section */

/* Begin PBXGroup section */
		3C6A586A8A2C0031992DA6C5 /* Pods */ = {
			isa = PBXGroup;
			children = (
				C6BAEF2EBC3BEA17943E82D9 /* Pods-CwngaIOSStudy.debug.xcconfig */,
				8732B80311E315747ECECC9E /* Pods-CwngaIOSStudy.release.xcconfig */,
				5ECF6443B5D7E4731FEFFD9C /* Pods-CwngaIOSStudyTests.debug.xcconfig */,
				711D8E3BE2BF229B5C36D713 /* Pods-CwngaIOSStudyTests.release.xcconfig */,
			);
			name = Pods;
			sourceTree = "<group>";
		};
		C03FB2DBF3016588F88F70A9 /* Frameworks */ = {
			isa = PBXGroup;
			children = (
				619274F30E1CBA450191D952 /* libPods-CwngaIOSStudy.a */,
				37FA2EED93120ECD742D6B86 /* libPods-CwngaIOSStudyTests.a */,
			);
			name = Frameworks;
			sourceTree = "<group>";
		};
		F705E0581DBB6B800081CEED /* Src */ = {
			isa = PBXGroup;
			children = (
				F7749DF81DF2C95A0065F2D2 /* Leetcode */,
				F7749DF41DF2C8810065F2D2 /* Classes */,
				F705E0A61DBB96BD0081CEED /* Algorithm */,
				F705E08F1DBB7CE60081CEED /* ADK */,
				F705E07D1DBB715F0081CEED /* ReactiveCocoa */,
				F705E0771DBB6E3A0081CEED /* Views */,
				F705E0591DBB6B800081CEED /* Cells */,
			);
			path = Src;
			sourceTree = "<group>";
		};
		F705E0591DBB6B800081CEED /* Cells */ = {
			isa = PBXGroup;
			children = (
				F705E05A1DBB6B800081CEED /* CollectionViewCell.h */,
				F705E05B1DBB6B800081CEED /* CollectionViewCell.m */,
				F705E05C1DBB6B800081CEED /* CollectionViewCell.xib */,
				F705E05D1DBB6B800081CEED /* ListingCollectionViewCell.h */,
				F705E05E1DBB6B800081CEED /* ListingCollectionViewCell.m */,
				F705E05F1DBB6B800081CEED /* ListingCollectionViewCell.xib */,
				F705E0951DBB86630081CEED /* TextViewCollectionViewCell.h */,
				F705E0961DBB86630081CEED /* TextViewCollectionViewCell.m */,
				F705E0971DBB86630081CEED /* TextViewCollectionViewCell.xib */,
				F71193441DC72F4B00683697 /* TwoLabelCollectionViewCell.h */,
				F71193451DC72F4B00683697 /* TwoLabelCollectionViewCell.m */,
				F71193461DC72F4B00683697 /* TwoLabelCollectionViewCell.xib */,
				F782BE9A1DD9546600B6B63F /* ADKCollectionViewDynamicSizeSubCell.h */,
				F782BE9B1DD9546600B6B63F /* ADKCollectionViewDynamicSizeSubCell.m */,
				F782BE9C1DD9546600B6B63F /* ADKCollectionViewDynamicSizeSubCell.xib */,
			);
			path = Cells;
			sourceTree = "<group>";
		};
		F705E0771DBB6E3A0081CEED /* Views */ = {
			isa = PBXGroup;
			children = (
				F705E0781DBB6E870081CEED /* TitleCollectionReusableView.h */,
				F705E0791DBB6E870081CEED /* TitleCollectionReusableView.m */,
				F705E07A1DBB6E870081CEED /* TitleCollectionReusableView.xib */,
			);
			path = Views;
			sourceTree = "<group>";
		};
		F705E07D1DBB715F0081CEED /* ReactiveCocoa */ = {
			isa = PBXGroup;
			children = (
				F705E07E1DBB715F0081CEED /* Ch1 */,
				F705E0821DBB715F0081CEED /* Ch2 */,
				F7BCA75E1DC2EA5C00404F8E /* Ch3-CombineLatest */,
			);
			path = ReactiveCocoa;
			sourceTree = "<group>";
		};
		F705E07E1DBB715F0081CEED /* Ch1 */ = {
			isa = PBXGroup;
			children = (
				F705E07F1DBB715F0081CEED /* Ch1ViewController.h */,
				F705E0801DBB715F0081CEED /* Ch1ViewController.m */,
				F705E0811DBB715F0081CEED /* Ch1ViewController.xib */,
			);
			path = Ch1;
			sourceTree = "<group>";
		};
		F705E0821DBB715F0081CEED /* Ch2 */ = {
			isa = PBXGroup;
			children = (
				F705E0831DBB715F0081CEED /* Ch2DetailViewController.h */,
				F705E0841DBB715F0081CEED /* Ch2DetailViewController.m */,
				F705E0851DBB715F0081CEED /* Ch2DetailViewController.xib */,
				F705E0861DBB715F0081CEED /* Ch2ViewController.h */,
				F705E0871DBB715F0081CEED /* Ch2ViewController.m */,
				F705E0881DBB715F0081CEED /* Ch2ViewController.xib */,
			);
			path = Ch2;
			sourceTree = "<group>";
		};
		F705E08F1DBB7CE60081CEED /* ADK */ = {
			isa = PBXGroup;
			children = (
				F782BEA31DD9555700B6B63F /* Ch5-TwoLabelLeftRight */,
				F71193491DC72FF700683697 /* Ch4-TwoTitleCellDynamicHeightViewController */,
				F7F21CCA1DC24E0E00E94E8B /* Ch3-ADKImageColorViewController */,
				F705E09A1DBB86C90081CEED /* Ch1-DynamicHeightViewController */,
				F705E0A01DBB86E40081CEED /* Ch2-DynamicTextViewHeightViewController */,
			);
			path = ADK;
			sourceTree = "<group>";
		};
		F705E09A1DBB86C90081CEED /* Ch1-DynamicHeightViewController */ = {
			isa = PBXGroup;
			children = (
				F705E09B1DBB86C90081CEED /* DynamicHeightViewController.h */,
				F705E09C1DBB86C90081CEED /* DynamicHeightViewController.m */,
				F705E09D1DBB86C90081CEED /* DynamicHeightViewController.xib */,
			);
			path = "Ch1-DynamicHeightViewController";
			sourceTree = "<group>";
		};
		F705E0A01DBB86E40081CEED /* Ch2-DynamicTextViewHeightViewController */ = {
			isa = PBXGroup;
			children = (
				F705E0A11DBB86F90081CEED /* DynamicTextViewHeightViewController.h */,
				F705E0A21DBB86F90081CEED /* DynamicTextViewHeightViewController.m */,
				F705E0A31DBB86F90081CEED /* DynamicTextViewHeightViewController.xib */,
			);
			path = "Ch2-DynamicTextViewHeightViewController";
			sourceTree = "<group>";
		};
		F705E0A61DBB96BD0081CEED /* Algorithm */ = {
			isa = PBXGroup;
			children = (
				F705E0A71DBB96F10081CEED /* Ch1-Binary Tree */,
			);
			path = Algorithm;
			sourceTree = "<group>";
		};
		F705E0A71DBB96F10081CEED /* Ch1-Binary Tree */ = {
			isa = PBXGroup;
			children = (
				F705E0A81DBB97090081CEED /* BinaryTreeViewController.h */,
				F705E0A91DBB97090081CEED /* BinaryTreeViewController.m */,
				F705E0AA1DBB97090081CEED /* BinaryTreeViewController.xib */,
			);
			path = "Ch1-Binary Tree";
			sourceTree = "<group>";
		};
		F71193491DC72FF700683697 /* Ch4-TwoTitleCellDynamicHeightViewController */ = {
			isa = PBXGroup;
			children = (
				F711934A1DC7300500683697 /* TwoTitleCellDynamicHeightViewController.h */,
				F711934B1DC7300500683697 /* TwoTitleCellDynamicHeightViewController.m */,
				F711934C1DC7300500683697 /* TwoTitleCellDynamicHeightViewController.xib */,
			);
			path = "Ch4-TwoTitleCellDynamicHeightViewController";
			sourceTree = "<group>";
		};
		F7749DF41DF2C8810065F2D2 /* Classes */ = {
			isa = PBXGroup;
			children = (
				F7749DF51DF2C8A40065F2D2 /* CwngaNode.h */,
				F7749DF61DF2C8A40065F2D2 /* CwngaNode.m */,
			);
			path = Classes;
			sourceTree = "<group>";
		};
		F7749DF81DF2C95A0065F2D2 /* Leetcode */ = {
			isa = PBXGroup;
			children = (
				F7749DF91DF2C9970065F2D2 /* ReverseWordsInAString.h */,
				F7749DFA1DF2C9970065F2D2 /* ReverseWordsInAString.m */,
				F7749DFF1DF2D11D0065F2D2 /* DecodeWays.h */,
				F7749E001DF2D11D0065F2D2 /* DecodeWays.m */,
				F7749E091DF2EB0C0065F2D2 /* ContainsDuplicateIII.h */,
				F7749E0A1DF2EB0C0065F2D2 /* ContainsDuplicateIII.m */,
			);
			path = Leetcode;
			sourceTree = "<group>";
		};
		F7749E041DF2E3720065F2D2 /* Leetcode */ = {
			isa = PBXGroup;
			children = (
				F7749E051DF2E3720065F2D2 /* DecodeWaysSpec.m */,
				F7749E061DF2E3720065F2D2 /* ReverseWordsInAStringSpec.m */,
				F7749E0C1DF2F1B10065F2D2 /* ContainsDuplicateIIISpec.m */,
			);
			path = Leetcode;
			sourceTree = "<group>";
		};
		F782BEA31DD9555700B6B63F /* Ch5-TwoLabelLeftRight */ = {
			isa = PBXGroup;
			children = (
				F782BEA41DD9558500B6B63F /* DynamicLeftRightLabelViewController.h */,
				F782BEA51DD9558500B6B63F /* DynamicLeftRightLabelViewController.m */,
				F782BEA61DD9558500B6B63F /* DynamicLeftRightLabelViewController.xib */,
			);
			path = "Ch5-TwoLabelLeftRight";
			sourceTree = "<group>";
		};
		F79D31E11DBB69E300C63FF5 = {
			isa = PBXGroup;
			children = (
				F79D31EC1DBB69E400C63FF5 /* CwngaIOSStudy */,
				F7C0F77E1DF2C79C007BBBC8 /* CwngaIOSStudyTests */,
				F79D31EB1DBB69E400C63FF5 /* Products */,
				3C6A586A8A2C0031992DA6C5 /* Pods */,
				C03FB2DBF3016588F88F70A9 /* Frameworks */,
			);
			sourceTree = "<group>";
		};
		F79D31EB1DBB69E400C63FF5 /* Products */ = {
			isa = PBXGroup;
			children = (
				F79D31EA1DBB69E400C63FF5 /* CwngaIOSStudy.app */,
				F7C0F77D1DF2C79B007BBBC8 /* CwngaIOSStudyTests.xctest */,
			);
			name = Products;
			sourceTree = "<group>";
		};
		F79D31EC1DBB69E400C63FF5 /* CwngaIOSStudy */ = {
			isa = PBXGroup;
			children = (
				F705E0581DBB6B800081CEED /* Src */,
				F79D31F01DBB69E400C63FF5 /* AppDelegate.h */,
				F79D31F11DBB69E400C63FF5 /* AppDelegate.m */,
				F79D31F31DBB69E400C63FF5 /* ViewController.h */,
				F79D31F41DBB69E400C63FF5 /* ViewController.m */,
				F705E0751DBB6BE90081CEED /* ViewController.xib */,
				F79D31F61DBB69E400C63FF5 /* Main.storyboard */,
				F79D31F91DBB69E400C63FF5 /* Assets.xcassets */,
				F79D31FB1DBB69E400C63FF5 /* LaunchScreen.storyboard */,
				F79D31FE1DBB69E400C63FF5 /* Info.plist */,
				F79D31ED1DBB69E400C63FF5 /* Supporting Files */,
			);
			path = CwngaIOSStudy;
			sourceTree = "<group>";
		};
		F79D31ED1DBB69E400C63FF5 /* Supporting Files */ = {
			isa = PBXGroup;
			children = (
				F79D31EE1DBB69E400C63FF5 /* main.m */,
			);
			name = "Supporting Files";
			sourceTree = "<group>";
		};
		F7BCA75E1DC2EA5C00404F8E /* Ch3-CombineLatest */ = {
			isa = PBXGroup;
			children = (
				F7BCA75F1DC2EA6B00404F8E /* Ch3CombineLatestViewControlller.h */,
				F7BCA7601DC2EA6B00404F8E /* Ch3CombineLatestViewControlller.m */,
				F7BCA7611DC2EA6B00404F8E /* Ch3CombineLatestViewControlller.xib */,
			);
			path = "Ch3-CombineLatest";
			sourceTree = "<group>";
		};
		F7C0F77E1DF2C79C007BBBC8 /* CwngaIOSStudyTests */ = {
			isa = PBXGroup;
			children = (
				F7749E041DF2E3720065F2D2 /* Leetcode */,
				F7C0F7811DF2C79C007BBBC8 /* Info.plist */,
			);
			path = CwngaIOSStudyTests;
			sourceTree = "<group>";
		};
		F7F21CCA1DC24E0E00E94E8B /* Ch3-ADKImageColorViewController */ = {
			isa = PBXGroup;
			children = (
				F7F21CCB1DC24E2000E94E8B /* ADKImageColorViewController.h */,
				F7F21CCC1DC24E2000E94E8B /* ADKImageColorViewController.m */,
				F7F21CCD1DC24E2000E94E8B /* ADKImageColorViewController.xib */,
			);
			path = "Ch3-ADKImageColorViewController";
			sourceTree = "<group>";
		};
/* End PBXGroup section */

/* Begin PBXNativeTarget section */
		F79D31E91DBB69E300C63FF5 /* CwngaIOSStudy */ = {
			isa = PBXNativeTarget;
			buildConfigurationList = F79D32011DBB69E400C63FF5 /* Build configuration list for PBXNativeTarget "CwngaIOSStudy" */;
			buildPhases = (
				2378CFF2A921D9770BF6DBED /* [CP] Check Pods Manifest.lock */,
				F79D31E61DBB69E300C63FF5 /* Sources */,
				F79D31E71DBB69E300C63FF5 /* Frameworks */,
				F79D31E81DBB69E300C63FF5 /* Resources */,
				114865428C02D74CBCCB77FC /* [CP] Embed Pods Frameworks */,
				7AA3ABFA36422F4CA8348F60 /* [CP] Copy Pods Resources */,
			);
			buildRules = (
			);
			dependencies = (
			);
			name = CwngaIOSStudy;
			productName = CwngaIOSStudy;
			productReference = F79D31EA1DBB69E400C63FF5 /* CwngaIOSStudy.app */;
			productType = "com.apple.product-type.application";
		};
		F7C0F77C1DF2C79B007BBBC8 /* CwngaIOSStudyTests */ = {
			isa = PBXNativeTarget;
			buildConfigurationList = F7C0F7861DF2C79C007BBBC8 /* Build configuration list for PBXNativeTarget "CwngaIOSStudyTests" */;
			buildPhases = (
				AAFDE4008017884DE0C922AF /* [CP] Check Pods Manifest.lock */,
				F7C0F7791DF2C79B007BBBC8 /* Sources */,
				F7C0F77A1DF2C79B007BBBC8 /* Frameworks */,
				F7C0F77B1DF2C79B007BBBC8 /* Resources */,
				4ED9F4CBB8880781E6C9CF8C /* [CP] Embed Pods Frameworks */,
				598223487FBA7508E520F351 /* [CP] Copy Pods Resources */,
			);
			buildRules = (
			);
			dependencies = (
				F7C0F7831DF2C79C007BBBC8 /* PBXTargetDependency */,
			);
			name = CwngaIOSStudyTests;
			productName = CwngaIOSStudyTests;
			productReference = F7C0F77D1DF2C79B007BBBC8 /* CwngaIOSStudyTests.xctest */;
			productType = "com.apple.product-type.bundle.unit-test";
		};
/* End PBXNativeTarget section */

/* Begin PBXProject section */
		F79D31E21DBB69E300C63FF5 /* Project object */ = {
			isa = PBXProject;
			attributes = {
				LastUpgradeCheck = 0800;
				ORGANIZATIONNAME = "Yahoo! Inc.";
				TargetAttributes = {
					F79D31E91DBB69E300C63FF5 = {
						CreatedOnToolsVersion = 8.0;
						ProvisioningStyle = Automatic;
					};
					F7C0F77C1DF2C79B007BBBC8 = {
						CreatedOnToolsVersion = 8.1;
						ProvisioningStyle = Automatic;
						TestTargetID = F79D31E91DBB69E300C63FF5;
					};
				};
			};
			buildConfigurationList = F79D31E51DBB69E300C63FF5 /* Build configuration list for PBXProject "CwngaIOSStudy" */;
			compatibilityVersion = "Xcode 3.2";
			developmentRegion = English;
			hasScannedForEncodings = 0;
			knownRegions = (
				en,
				Base,
			);
			mainGroup = F79D31E11DBB69E300C63FF5;
			productRefGroup = F79D31EB1DBB69E400C63FF5 /* Products */;
			projectDirPath = "";
			projectRoot = "";
			targets = (
				F79D31E91DBB69E300C63FF5 /* CwngaIOSStudy */,
				F7C0F77C1DF2C79B007BBBC8 /* CwngaIOSStudyTests */,
			);
		};
/* End PBXProject section */

/* Begin PBXResourcesBuildPhase section */
		F79D31E81DBB69E300C63FF5 /* Resources */ = {
			isa = PBXResourcesBuildPhase;
			buildActionMask = 2147483647;
			files = (
				F705E07C1DBB6E870081CEED /* TitleCollectionReusableView.xib in Resources */,
				F711934E1DC7300500683697 /* TwoTitleCellDynamicHeightViewController.xib in Resources */,
				F705E09F1DBB86C90081CEED /* DynamicHeightViewController.xib in Resources */,
				F782BE9E1DD9546600B6B63F /* ADKCollectionViewDynamicSizeSubCell.xib in Resources */,
				F705E08A1DBB715F0081CEED /* Ch1ViewController.xib in Resources */,
				F782BEA81DD9558500B6B63F /* DynamicLeftRightLabelViewController.xib in Resources */,
				F705E08E1DBB715F0081CEED /* Ch2ViewController.xib in Resources */,
				F79D31FD1DBB69E400C63FF5 /* LaunchScreen.storyboard in Resources */,
				F705E0761DBB6BE90081CEED /* ViewController.xib in Resources */,
				F705E0A51DBB86F90081CEED /* DynamicTextViewHeightViewController.xib in Resources */,
				F71193481DC72F4B00683697 /* TwoLabelCollectionViewCell.xib in Resources */,
				F705E0991DBB86630081CEED /* TextViewCollectionViewCell.xib in Resources */,
				F705E06E1DBB6B800081CEED /* ListingCollectionViewCell.xib in Resources */,
				F705E08C1DBB715F0081CEED /* Ch2DetailViewController.xib in Resources */,
				F79D31FA1DBB69E400C63FF5 /* Assets.xcassets in Resources */,
				F705E0AC1DBB97090081CEED /* BinaryTreeViewController.xib in Resources */,
				F7F21CCF1DC24E2000E94E8B /* ADKImageColorViewController.xib in Resources */,
				F7BCA7631DC2EA6B00404F8E /* Ch3CombineLatestViewControlller.xib in Resources */,
				F705E06C1DBB6B800081CEED /* CollectionViewCell.xib in Resources */,
				F79D31F81DBB69E400C63FF5 /* Main.storyboard in Resources */,
			);
			runOnlyForDeploymentPostprocessing = 0;
		};
		F7C0F77B1DF2C79B007BBBC8 /* Resources */ = {
			isa = PBXResourcesBuildPhase;
			buildActionMask = 2147483647;
			files = (
			);
			runOnlyForDeploymentPostprocessing = 0;
		};
/* End PBXResourcesBuildPhase section */

/* Begin PBXShellScriptBuildPhase section */
		114865428C02D74CBCCB77FC /* [CP] Embed Pods Frameworks */ = {
			isa = PBXShellScriptBuildPhase;
			buildActionMask = 2147483647;
			files = (
			);
			inputPaths = (
			);
			name = "[CP] Embed Pods Frameworks";
			outputPaths = (
			);
			runOnlyForDeploymentPostprocessing = 0;
			shellPath = /bin/sh;
			shellScript = "\"${SRCROOT}/Pods/Target Support Files/Pods-CwngaIOSStudy/Pods-CwngaIOSStudy-frameworks.sh\"\n";
			showEnvVarsInLog = 0;
		};
		2378CFF2A921D9770BF6DBED /* [CP] Check Pods Manifest.lock */ = {
			isa = PBXShellScriptBuildPhase;
			buildActionMask = 2147483647;
			files = (
			);
			inputPaths = (
			);
			name = "[CP] Check Pods Manifest.lock";
			outputPaths = (
			);
			runOnlyForDeploymentPostprocessing = 0;
			shellPath = /bin/sh;
			shellScript = "diff \"${PODS_ROOT}/../Podfile.lock\" \"${PODS_ROOT}/Manifest.lock\" > /dev/null\nif [ $? != 0 ] ; then\n    # print error to STDERR\n    echo \"error: The sandbox is not in sync with the Podfile.lock. Run 'pod install' or update your CocoaPods installation.\" >&2\n    exit 1\nfi\n";
			showEnvVarsInLog = 0;
		};
		4ED9F4CBB8880781E6C9CF8C /* [CP] Embed Pods Frameworks */ = {
			isa = PBXShellScriptBuildPhase;
			buildActionMask = 2147483647;
			files = (
			);
			inputPaths = (
			);
			name = "[CP] Embed Pods Frameworks";
			outputPaths = (
			);
			runOnlyForDeploymentPostprocessing = 0;
			shellPath = /bin/sh;
			shellScript = "\"${SRCROOT}/Pods/Target Support Files/Pods-CwngaIOSStudyTests/Pods-CwngaIOSStudyTests-frameworks.sh\"\n";
			showEnvVarsInLog = 0;
		};
		598223487FBA7508E520F351 /* [CP] Copy Pods Resources */ = {
			isa = PBXShellScriptBuildPhase;
			buildActionMask = 2147483647;
			files = (
			);
			inputPaths = (
			);
			name = "[CP] Copy Pods Resources";
			outputPaths = (
			);
			runOnlyForDeploymentPostprocessing = 0;
			shellPath = /bin/sh;
			shellScript = "\"${SRCROOT}/Pods/Target Support Files/Pods-CwngaIOSStudyTests/Pods-CwngaIOSStudyTests-resources.sh\"\n";
			showEnvVarsInLog = 0;
		};
		7AA3ABFA36422F4CA8348F60 /* [CP] Copy Pods Resources */ = {
			isa = PBXShellScriptBuildPhase;
			buildActionMask = 2147483647;
			files = (
			);
			inputPaths = (
			);
			name = "[CP] Copy Pods Resources";
			outputPaths = (
			);
			runOnlyForDeploymentPostprocessing = 0;
			shellPath = /bin/sh;
			shellScript = "\"${SRCROOT}/Pods/Target Support Files/Pods-CwngaIOSStudy/Pods-CwngaIOSStudy-resources.sh\"\n";
			showEnvVarsInLog = 0;
		};
		AAFDE4008017884DE0C922AF /* [CP] Check Pods Manifest.lock */ = {
			isa = PBXShellScriptBuildPhase;
			buildActionMask = 2147483647;
			files = (
			);
			inputPaths = (
			);
			name = "[CP] Check Pods Manifest.lock";
			outputPaths = (
			);
			runOnlyForDeploymentPostprocessing = 0;
			shellPath = /bin/sh;
			shellScript = "diff \"${PODS_ROOT}/../Podfile.lock\" \"${PODS_ROOT}/Manifest.lock\" > /dev/null\nif [ $? != 0 ] ; then\n    # print error to STDERR\n    echo \"error: The sandbox is not in sync with the Podfile.lock. Run 'pod install' or update your CocoaPods installation.\" >&2\n    exit 1\nfi\n";
			showEnvVarsInLog = 0;
		};
/* End PBXShellScriptBuildPhase section */

/* Begin PBXSourcesBuildPhase section */
		F79D31E61DBB69E300C63FF5 /* Sources */ = {
			isa = PBXSourcesBuildPhase;
			buildActionMask = 2147483647;
			files = (
				F79D31F51DBB69E400C63FF5 /* ViewController.m in Sources */,
				F79D31F21DBB69E400C63FF5 /* AppDelegate.m in Sources */,
				F705E09E1DBB86C90081CEED /* DynamicHeightViewController.m in Sources */,
				F7749E011DF2D11D0065F2D2 /* DecodeWays.m in Sources */,
				F7BCA7621DC2EA6B00404F8E /* Ch3CombineLatestViewControlller.m in Sources */,
				F705E06D1DBB6B800081CEED /* ListingCollectionViewCell.m in Sources */,
				F782BE9D1DD9546600B6B63F /* ADKCollectionViewDynamicSizeSubCell.m in Sources */,
				F705E08B1DBB715F0081CEED /* Ch2DetailViewController.m in Sources */,
				F7F21CCE1DC24E2000E94E8B /* ADKImageColorViewController.m in Sources */,
				F7749DF71DF2C8A40065F2D2 /* CwngaNode.m in Sources */,
				F705E0AB1DBB97090081CEED /* BinaryTreeViewController.m in Sources */,
				F71193471DC72F4B00683697 /* TwoLabelCollectionViewCell.m in Sources */,
				F711934D1DC7300500683697 /* TwoTitleCellDynamicHeightViewController.m in Sources */,
				F705E0A41DBB86F90081CEED /* DynamicTextViewHeightViewController.m in Sources */,
				F782BEA71DD9558500B6B63F /* DynamicLeftRightLabelViewController.m in Sources */,
				F705E08D1DBB715F0081CEED /* Ch2ViewController.m in Sources */,
				F705E06B1DBB6B800081CEED /* CollectionViewCell.m in Sources */,
				F705E0891DBB715F0081CEED /* Ch1ViewController.m in Sources */,
				F705E07B1DBB6E870081CEED /* TitleCollectionReusableView.m in Sources */,
				F7749DFB1DF2C9970065F2D2 /* ReverseWordsInAString.m in Sources */,
				F79D31EF1DBB69E400C63FF5 /* main.m in Sources */,
				F7749E0B1DF2EB0C0065F2D2 /* ContainsDuplicateIII.m in Sources */,
				F705E0981DBB86630081CEED /* TextViewCollectionViewCell.m in Sources */,
			);
			runOnlyForDeploymentPostprocessing = 0;
		};
		F7C0F7791DF2C79B007BBBC8 /* Sources */ = {
			isa = PBXSourcesBuildPhase;
			buildActionMask = 2147483647;
			files = (
				F7749E071DF2E3720065F2D2 /* DecodeWaysSpec.m in Sources */,
				F7749E081DF2E3720065F2D2 /* ReverseWordsInAStringSpec.m in Sources */,
				F7749E0D1DF2F1B10065F2D2 /* ContainsDuplicateIIISpec.m in Sources */,
			);
			runOnlyForDeploymentPostprocessing = 0;
		};
/* End PBXSourcesBuildPhase section */

/* Begin PBXTargetDependency section */
		F7C0F7831DF2C79C007BBBC8 /* PBXTargetDependency */ = {
			isa = PBXTargetDependency;
			target = F79D31E91DBB69E300C63FF5 /* CwngaIOSStudy */;
			targetProxy = F7C0F7821DF2C79C007BBBC8 /* PBXContainerItemProxy */;
		};
/* End PBXTargetDependency section */

/* Begin PBXVariantGroup section */
		F79D31F61DBB69E400C63FF5 /* Main.storyboard */ = {
			isa = PBXVariantGroup;
			children = (
				F79D31F71DBB69E400C63FF5 /* Base */,
			);
			name = Main.storyboard;
			sourceTree = "<group>";
		};
		F79D31FB1DBB69E400C63FF5 /* LaunchScreen.storyboard */ = {
			isa = PBXVariantGroup;
			children = (
				F79D31FC1DBB69E400C63FF5 /* Base */,
			);
			name = LaunchScreen.storyboard;
			sourceTree = "<group>";
		};
/* End PBXVariantGroup section */

/* Begin XCBuildConfiguration section */
		F79D31FF1DBB69E400C63FF5 /* Debug */ = {
			isa = XCBuildConfiguration;
			buildSettings = {
				ALWAYS_SEARCH_USER_PATHS = NO;
				CLANG_ANALYZER_NONNULL = YES;
				CLANG_CXX_LANGUAGE_STANDARD = "gnu++0x";
				CLANG_CXX_LIBRARY = "libc++";
				CLANG_ENABLE_MODULES = YES;
				CLANG_ENABLE_OBJC_ARC = YES;
				CLANG_WARN_BOOL_CONVERSION = YES;
				CLANG_WARN_CONSTANT_CONVERSION = YES;
				CLANG_WARN_DIRECT_OBJC_ISA_USAGE = YES_ERROR;
				CLANG_WARN_DOCUMENTATION_COMMENTS = YES;
				CLANG_WARN_EMPTY_BODY = YES;
				CLANG_WARN_ENUM_CONVERSION = YES;
				CLANG_WARN_INFINITE_RECURSION = YES;
				CLANG_WARN_INT_CONVERSION = YES;
				CLANG_WARN_OBJC_ROOT_CLASS = YES_ERROR;
				CLANG_WARN_SUSPICIOUS_MOVES = YES;
				CLANG_WARN_UNREACHABLE_CODE = YES;
				CLANG_WARN__DUPLICATE_METHOD_MATCH = YES;
				"CODE_SIGN_IDENTITY[sdk=iphoneos*]" = "iPhone Developer";
				COPY_PHASE_STRIP = NO;
				DEBUG_INFORMATION_FORMAT = dwarf;
				ENABLE_STRICT_OBJC_MSGSEND = YES;
				ENABLE_TESTABILITY = YES;
				GCC_C_LANGUAGE_STANDARD = gnu99;
				GCC_DYNAMIC_NO_PIC = NO;
				GCC_NO_COMMON_BLOCKS = YES;
				GCC_OPTIMIZATION_LEVEL = 0;
				GCC_PREPROCESSOR_DEFINITIONS = (
					"DEBUG=1",
					"$(inherited)",
				);
				GCC_WARN_64_TO_32_BIT_CONVERSION = YES;
				GCC_WARN_ABOUT_RETURN_TYPE = YES_ERROR;
				GCC_WARN_UNDECLARED_SELECTOR = YES;
				GCC_WARN_UNINITIALIZED_AUTOS = YES_AGGRESSIVE;
				GCC_WARN_UNUSED_FUNCTION = YES;
				GCC_WARN_UNUSED_VARIABLE = YES;
				IPHONEOS_DEPLOYMENT_TARGET = 10.0;
				MTL_ENABLE_DEBUG_INFO = YES;
				ONLY_ACTIVE_ARCH = YES;
				SDKROOT = iphoneos;
				TARGETED_DEVICE_FAMILY = "1,2";
			};
			name = Debug;
		};
		F79D32001DBB69E400C63FF5 /* Release */ = {
			isa = XCBuildConfiguration;
			buildSettings = {
				ALWAYS_SEARCH_USER_PATHS = NO;
				CLANG_ANALYZER_NONNULL = YES;
				CLANG_CXX_LANGUAGE_STANDARD = "gnu++0x";
				CLANG_CXX_LIBRARY = "libc++";
				CLANG_ENABLE_MODULES = YES;
				CLANG_ENABLE_OBJC_ARC = YES;
				CLANG_WARN_BOOL_CONVERSION = YES;
				CLANG_WARN_CONSTANT_CONVERSION = YES;
				CLANG_WARN_DIRECT_OBJC_ISA_USAGE = YES_ERROR;
				CLANG_WARN_DOCUMENTATION_COMMENTS = YES;
				CLANG_WARN_EMPTY_BODY = YES;
				CLANG_WARN_ENUM_CONVERSION = YES;
				CLANG_WARN_INFINITE_RECURSION = YES;
				CLANG_WARN_INT_CONVERSION = YES;
				CLANG_WARN_OBJC_ROOT_CLASS = YES_ERROR;
				CLANG_WARN_SUSPICIOUS_MOVES = YES;
				CLANG_WARN_UNREACHABLE_CODE = YES;
				CLANG_WARN__DUPLICATE_METHOD_MATCH = YES;
				"CODE_SIGN_IDENTITY[sdk=iphoneos*]" = "iPhone Developer";
				COPY_PHASE_STRIP = NO;
				DEBUG_INFORMATION_FORMAT = "dwarf-with-dsym";
				ENABLE_NS_ASSERTIONS = NO;
				ENABLE_STRICT_OBJC_MSGSEND = YES;
				GCC_C_LANGUAGE_STANDARD = gnu99;
				GCC_NO_COMMON_BLOCKS = YES;
				GCC_WARN_64_TO_32_BIT_CONVERSION = YES;
				GCC_WARN_ABOUT_RETURN_TYPE = YES_ERROR;
				GCC_WARN_UNDECLARED_SELECTOR = YES;
				GCC_WARN_UNINITIALIZED_AUTOS = YES_AGGRESSIVE;
				GCC_WARN_UNUSED_FUNCTION = YES;
				GCC_WARN_UNUSED_VARIABLE = YES;
				IPHONEOS_DEPLOYMENT_TARGET = 10.0;
				MTL_ENABLE_DEBUG_INFO = NO;
				SDKROOT = iphoneos;
				TARGETED_DEVICE_FAMILY = "1,2";
				VALIDATE_PRODUCT = YES;
			};
			name = Release;
		};
		F79D32021DBB69E400C63FF5 /* Debug */ = {
			isa = XCBuildConfiguration;
			baseConfigurationReference = C6BAEF2EBC3BEA17943E82D9 /* Pods-CwngaIOSStudy.debug.xcconfig */;
			buildSettings = {
				ASSETCATALOG_COMPILER_APPICON_NAME = AppIcon;
				INFOPLIST_FILE = CwngaIOSStudy/Info.plist;
				LD_RUNPATH_SEARCH_PATHS = "$(inherited) @executable_path/Frameworks";
				PRODUCT_BUNDLE_IDENTIFIER = com.cwnga.CwngaIOSStudy;
				PRODUCT_NAME = "$(TARGET_NAME)";
			};
			name = Debug;
		};
		F79D32031DBB69E400C63FF5 /* Release */ = {
			isa = XCBuildConfiguration;
			baseConfigurationReference = 8732B80311E315747ECECC9E /* Pods-CwngaIOSStudy.release.xcconfig */;
			buildSettings = {
				ASSETCATALOG_COMPILER_APPICON_NAME = AppIcon;
				INFOPLIST_FILE = CwngaIOSStudy/Info.plist;
				LD_RUNPATH_SEARCH_PATHS = "$(inherited) @executable_path/Frameworks";
				PRODUCT_BUNDLE_IDENTIFIER = com.cwnga.CwngaIOSStudy;
				PRODUCT_NAME = "$(TARGET_NAME)";
			};
			name = Release;
		};
		F7C0F7841DF2C79C007BBBC8 /* Debug */ = {
			isa = XCBuildConfiguration;
			baseConfigurationReference = 5ECF6443B5D7E4731FEFFD9C /* Pods-CwngaIOSStudyTests.debug.xcconfig */;
			buildSettings = {
				BUNDLE_LOADER = "$(TEST_HOST)";
				INFOPLIST_FILE = CwngaIOSStudyTests/Info.plist;
				IPHONEOS_DEPLOYMENT_TARGET = 10.1;
				LD_RUNPATH_SEARCH_PATHS = "$(inherited) @executable_path/Frameworks @loader_path/Frameworks";
				PRODUCT_BUNDLE_IDENTIFIER = com.yahoo.CwngaIOSStudyTests;
				PRODUCT_NAME = "$(TARGET_NAME)";
				TEST_HOST = "$(BUILT_PRODUCTS_DIR)/CwngaIOSStudy.app/CwngaIOSStudy";
			};
			name = Debug;
		};
		F7C0F7851DF2C79C007BBBC8 /* Release */ = {
			isa = XCBuildConfiguration;
			baseConfigurationReference = 711D8E3BE2BF229B5C36D713 /* Pods-CwngaIOSStudyTests.release.xcconfig */;
			buildSettings = {
				BUNDLE_LOADER = "$(TEST_HOST)";
				INFOPLIST_FILE = CwngaIOSStudyTests/Info.plist;
				IPHONEOS_DEPLOYMENT_TARGET = 10.1;
				LD_RUNPATH_SEARCH_PATHS = "$(inherited) @executable_path/Frameworks @loader_path/Frameworks";
				PRODUCT_BUNDLE_IDENTIFIER = com.yahoo.CwngaIOSStudyTests;
				PRODUCT_NAME = "$(TARGET_NAME)";
				TEST_HOST = "$(BUILT_PRODUCTS_DIR)/CwngaIOSStudy.app/CwngaIOSStudy";
			};
			name = Release;
		};
/* End XCBuildConfiguration section */

/* Begin XCConfigurationList section */
		F79D31E51DBB69E300C63FF5 /* Build configuration list for PBXProject "CwngaIOSStudy" */ = {
			isa = XCConfigurationList;
			buildConfigurations = (
				F79D31FF1DBB69E400C63FF5 /* Debug */,
				F79D32001DBB69E400C63FF5 /* Release */,
			);
			defaultConfigurationIsVisible = 0;
			defaultConfigurationName = Release;
		};
		F79D32011DBB69E400C63FF5 /* Build configuration list for PBXNativeTarget "CwngaIOSStudy" */ = {
			isa = XCConfigurationList;
			buildConfigurations = (
				F79D32021DBB69E400C63FF5 /* Debug */,
				F79D32031DBB69E400C63FF5 /* Release */,
			);
			defaultConfigurationIsVisible = 0;
			defaultConfigurationName = Release;
		};
		F7C0F7861DF2C79C007BBBC8 /* Build configuration list for PBXNativeTarget "CwngaIOSStudyTests" */ = {
			isa = XCConfigurationList;
			buildConfigurations = (
				F7C0F7841DF2C79C007BBBC8 /* Debug */,
				F7C0F7851DF2C79C007BBBC8 /* Release */,
			);
			defaultConfigurationIsVisible = 0;
			defaultConfigurationName = Release;
		};
/* End XCConfigurationList section */
	};
	rootObject = F79D31E21DBB69E300C63FF5 /* Project object */;
}
